
Microsoft Visual Studio Solution File, Format Version 12.00
# Visual Studio 15
VisualStudioVersion = 15.0.27130.2010
MinimumVisualStudioVersion = 10.0.40219.1
Project("{8BC9CEB8-8B4A-11D0-8D11-00A0C91BC942}") = "01_FirstProject", "01_FirstProject\01_FirstProject.vcxproj", "{0A042A6B-5703-4CE7-AC11-7ED1E55E92E2}"
EndProject
Project("{8BC9CEB8-8B4A-11D0-8D11-00A0C91BC942}") = "02_HelloTriangle", "02_HelloTriangle\02_HelloTriangle.vcxproj", "{0FBFA2F9-AE28-4C05-A428-F6432384DB60}"
EndProject
Project("{8BC9CEB8-8B4A-11D0-8D11-00A0C91BC942}") = "03_HelloRectangle", "03_HelloRectangle\03_HelloRectangle.vcxproj", "{68879454-50B6-49E8-9EB6-807852703071}"
EndProject
Project("{8BC9CEB8-8B4A-11D0-8D11-00A0C91BC942}") = "04_GLSL", "04_GLSL\04_GLSL.vcxproj", "{65771E27-D03B-4911-88A4-349B584E0AA7}"
EndProject
Project("{8BC9CEB8-8B4A-11D0-8D11-00A0C91BC942}") = "05_Textures", "05_Textures\05_Textures.vcxproj", "{4F67B6B5-4D3C-4BF5-8759-6FBBA7ACF6BE}"
EndProject
Project("{8BC9CEB8-8B4A-11D0-8D11-00A0C91BC942}") = "06_transform", "06_transform\06_transform.vcxproj", "{070E776C-B0E4-4CFD-B230-754A913080EB}"
EndProject
Project("{8BC9CEB8-8B4A-11D0-8D11-00A0C91BC942}") = "07_CoordinateSystems", "07_CoordinateSystems\07_CoordinateSystems.vcxproj", "{60C4D589-EF65-45B4-8C95-BFA5CFE0AE2A}"
EndProject
Project("{8BC9CEB8-8B4A-11D0-8D11-00A0C91BC942}") = "08_Camera", "08_Camera\08_Camera.vcxproj", "{43E84913-BD5F-4B19-8570-378C3A9D0E23}"
EndProject
Project("{8BC9CEB8-8B4A-11D0-8D11-00A0C91BC942}") = "09_Lighting", "09_Lighting\09_Lighting.vcxproj", "{CBD0E57A-438A-4AEC-B680-12B7B41E04A7}"
EndProject
Project("{8BC9CEB8-8B4A-11D0-8D11-00A0C91BC942}") = "10_Materials", "10_Materials\10_Materials.vcxproj", "{0750E72F-D472-48EB-BD70-BA6A529EFBAA}"
EndProject
Project("{8BC9CEB8-8B4A-11D0-8D11-00A0C91BC942}") = "11_LightingMap", "11_LightingMap\11_LightingMap.vcxproj", "{C08778A4-8F52-4A8A-B68C-C92192790502}"
EndProject
Project("{8BC9CEB8-8B4A-11D0-8D11-00A0C91BC942}") = "12_DirectionalLight", "12_DirectionalLight\12_DirectionalLight.vcxproj", "{05E10AEF-C859-4CEE-84FE-2F6ED4C0046B}"
EndProject
Project("{8BC9CEB8-8B4A-11D0-8D11-00A0C91BC942}") = "13_PointLight", "13_PointLight\13_PointLight.vcxproj", "{52D47401-0F55-4A09-BD03-1C31E2598C0D}"
EndProject
Project("{8BC9CEB8-8B4A-11D0-8D11-00A0C91BC942}") = "14_SpotLight", "14_SpotLight\14_SpotLight.vcxproj", "{4DF38588-75A3-4159-8AC1-314F8D441B18}"
EndProject
Project("{8BC9CEB8-8B4A-11D0-8D11-00A0C91BC942}") = "15_MultipleLights", "15_MultipleLights\15_MultipleLights.vcxproj", "{6C061061-B093-4647-947D-3B19D8CE59DF}"
EndProject
Project("{8BC9CEB8-8B4A-11D0-8D11-00A0C91BC942}") = "16_Model", "16_Model\16_Model.vcxproj", "{7B058E6B-A715-436D-9F46-F0C5306C3795}"
EndProject
Project("{8BC9CEB8-8B4A-11D0-8D11-00A0C91BC942}") = "17_DepthTesting", "17_DepthTesting\17_DepthTesting.vcxproj", "{D55C83ED-992A-4C51-BEE7-E480750E3D2D}"
EndProject
Project("{8BC9CEB8-8B4A-11D0-8D11-00A0C91BC942}") = "18_StencilTesting", "18_StencilTesting\18_StencilTesting.vcxproj", "{91E059C0-8811-4235-9EE3-359728D08944}"
EndProject
Project("{8BC9CEB8-8B4A-11D0-8D11-00A0C91BC942}") = "19_Blend", "19_Blend\19_Blend.vcxproj", "{058580D6-F3BB-4F23-9C40-293AC53DF52E}"
EndProject
Project("{8BC9CEB8-8B4A-11D0-8D11-00A0C91BC942}") = "20_FaceCulling", "20_FaceCulling\20_FaceCulling.vcxproj", "{33F03948-1E95-43EE-8CFB-E67283AB07C1}"
EndProject
Project("{8BC9CEB8-8B4A-11D0-8D11-00A0C91BC942}") = "21_Framebuffers", "21_Framebuffers\21_Framebuffers.vcxproj", "{8B8C5516-24B4-4BBD-A8BE-288B1FAEB613}"
EndProject
Project("{8BC9CEB8-8B4A-11D0-8D11-00A0C91BC942}") = "22_Cubemaps", "22_Cubemaps\22_Cubemaps.vcxproj", "{5FE80F0C-9CFC-44AA-B840-5CDB2F6B89C2}"
EndProject
Project("{8BC9CEB8-8B4A-11D0-8D11-00A0C91BC942}") = "23_AdvancedGLSL", "23_AdvancedGLSL\23_AdvancedGLSL.vcxproj", "{2432D0AB-9E70-4990-9FCE-CFCF93C3755D}"
EndProject
Project("{8BC9CEB8-8B4A-11D0-8D11-00A0C91BC942}") = "24_GeometryShader", "24_GeometryShader\24_GeometryShader.vcxproj", "{12571B82-4626-4926-9658-366525D332FE}"
EndProject
Project("{8BC9CEB8-8B4A-11D0-8D11-00A0C91BC942}") = "25_Instancing", "25_Instancing\25_Instancing.vcxproj", "{81A63F31-6EA3-448F-9FC7-40B2B03E3EA6}"
EndProject
Project("{8BC9CEB8-8B4A-11D0-8D11-00A0C91BC942}") = "26_AntiAliasing", "26_AntiAliasing\26_AntiAliasing.vcxproj", "{B9F4E233-DB6A-437C-8F9C-F8D0D3594251}"
EndProject
Global
	GlobalSection(SolutionConfigurationPlatforms) = preSolution
		Debug|x64 = Debug|x64
		Debug|x86 = Debug|x86
		Release|x64 = Release|x64
		Release|x86 = Release|x86
	EndGlobalSection
	GlobalSection(ProjectConfigurationPlatforms) = postSolution
		{0A042A6B-5703-4CE7-AC11-7ED1E55E92E2}.Debug|x64.ActiveCfg = Debug|x64
		{0A042A6B-5703-4CE7-AC11-7ED1E55E92E2}.Debug|x64.Build.0 = Debug|x64
		{0A042A6B-5703-4CE7-AC11-7ED1E55E92E2}.Debug|x86.ActiveCfg = Debug|Win32
		{0A042A6B-5703-4CE7-AC11-7ED1E55E92E2}.Debug|x86.Build.0 = Debug|Win32
		{0A042A6B-5703-4CE7-AC11-7ED1E55E92E2}.Release|x64.ActiveCfg = Release|x64
		{0A042A6B-5703-4CE7-AC11-7ED1E55E92E2}.Release|x64.Build.0 = Release|x64
		{0A042A6B-5703-4CE7-AC11-7ED1E55E92E2}.Release|x86.ActiveCfg = Release|Win32
		{0A042A6B-5703-4CE7-AC11-7ED1E55E92E2}.Release|x86.Build.0 = Release|Win32
		{0FBFA2F9-AE28-4C05-A428-F6432384DB60}.Debug|x64.ActiveCfg = Debug|x64
		{0FBFA2F9-AE28-4C05-A428-F6432384DB60}.Debug|x64.Build.0 = Debug|x64
		{0FBFA2F9-AE28-4C05-A428-F6432384DB60}.Debug|x86.ActiveCfg = Debug|Win32
		{0FBFA2F9-AE28-4C05-A428-F6432384DB60}.Debug|x86.Build.0 = Debug|Win32
		{0FBFA2F9-AE28-4C05-A428-F6432384DB60}.Release|x64.ActiveCfg = Release|x64
		{0FBFA2F9-AE28-4C05-A428-F6432384DB60}.Release|x64.Build.0 = Release|x64
		{0FBFA2F9-AE28-4C05-A428-F6432384DB60}.Release|x86.ActiveCfg = Release|Win32
		{0FBFA2F9-AE28-4C05-A428-F6432384DB60}.Release|x86.Build.0 = Release|Win32
		{68879454-50B6-49E8-9EB6-807852703071}.Debug|x64.ActiveCfg = Debug|x64
		{68879454-50B6-49E8-9EB6-807852703071}.Debug|x64.Build.0 = Debug|x64
		{68879454-50B6-49E8-9EB6-807852703071}.Debug|x86.ActiveCfg = Debug|Win32
		{68879454-50B6-49E8-9EB6-807852703071}.Debug|x86.Build.0 = Debug|Win32
		{68879454-50B6-49E8-9EB6-807852703071}.Release|x64.ActiveCfg = Release|x64
		{68879454-50B6-49E8-9EB6-807852703071}.Release|x64.Build.0 = Release|x64
		{68879454-50B6-49E8-9EB6-807852703071}.Release|x86.ActiveCfg = Release|Win32
		{68879454-50B6-49E8-9EB6-807852703071}.Release|x86.Build.0 = Release|Win32
		{65771E27-D03B-4911-88A4-349B584E0AA7}.Debug|x64.ActiveCfg = Debug|x64
		{65771E27-D03B-4911-88A4-349B584E0AA7}.Debug|x64.Build.0 = Debug|x64
		{65771E27-D03B-4911-88A4-349B584E0AA7}.Debug|x86.ActiveCfg = Debug|Win32
		{65771E27-D03B-4911-88A4-349B584E0AA7}.Debug|x86.Build.0 = Debug|Win32
		{65771E27-D03B-4911-88A4-349B584E0AA7}.Release|x64.ActiveCfg = Release|x64
		{65771E27-D03B-4911-88A4-349B584E0AA7}.Release|x64.Build.0 = Release|x64
		{65771E27-D03B-4911-88A4-349B584E0AA7}.Release|x86.ActiveCfg = Release|Win32
		{65771E27-D03B-4911-88A4-349B584E0AA7}.Release|x86.Build.0 = Release|Win32
		{4F67B6B5-4D3C-4BF5-8759-6FBBA7ACF6BE}.Debug|x64.ActiveCfg = Debug|x64
		{4F67B6B5-4D3C-4BF5-8759-6FBBA7ACF6BE}.Debug|x64.Build.0 = Debug|x64
		{4F67B6B5-4D3C-4BF5-8759-6FBBA7ACF6BE}.Debug|x86.ActiveCfg = Debug|Win32
		{4F67B6B5-4D3C-4BF5-8759-6FBBA7ACF6BE}.Debug|x86.Build.0 = Debug|Win32
		{4F67B6B5-4D3C-4BF5-8759-6FBBA7ACF6BE}.Release|x64.ActiveCfg = Release|x64
		{4F67B6B5-4D3C-4BF5-8759-6FBBA7ACF6BE}.Release|x64.Build.0 = Release|x64
		{4F67B6B5-4D3C-4BF5-8759-6FBBA7ACF6BE}.Release|x86.ActiveCfg = Release|Win32
		{4F67B6B5-4D3C-4BF5-8759-6FBBA7ACF6BE}.Release|x86.Build.0 = Release|Win32
		{070E776C-B0E4-4CFD-B230-754A913080EB}.Debug|x64.ActiveCfg = Debug|x64
		{070E776C-B0E4-4CFD-B230-754A913080EB}.Debug|x64.Build.0 = Debug|x64
		{070E776C-B0E4-4CFD-B230-754A913080EB}.Debug|x86.ActiveCfg = Debug|Win32
		{070E776C-B0E4-4CFD-B230-754A913080EB}.Debug|x86.Build.0 = Debug|Win32
		{070E776C-B0E4-4CFD-B230-754A913080EB}.Release|x64.ActiveCfg = Release|x64
		{070E776C-B0E4-4CFD-B230-754A913080EB}.Release|x64.Build.0 = Release|x64
		{070E776C-B0E4-4CFD-B230-754A913080EB}.Release|x86.ActiveCfg = Release|Win32
		{070E776C-B0E4-4CFD-B230-754A913080EB}.Release|x86.Build.0 = Release|Win32
		{60C4D589-EF65-45B4-8C95-BFA5CFE0AE2A}.Debug|x64.ActiveCfg = Debug|x64
		{60C4D589-EF65-45B4-8C95-BFA5CFE0AE2A}.Debug|x64.Build.0 = Debug|x64
		{60C4D589-EF65-45B4-8C95-BFA5CFE0AE2A}.Debug|x86.ActiveCfg = Debug|Win32
		{60C4D589-EF65-45B4-8C95-BFA5CFE0AE2A}.Debug|x86.Build.0 = Debug|Win32
		{60C4D589-EF65-45B4-8C95-BFA5CFE0AE2A}.Release|x64.ActiveCfg = Release|x64
		{60C4D589-EF65-45B4-8C95-BFA5CFE0AE2A}.Release|x64.Build.0 = Release|x64
		{60C4D589-EF65-45B4-8C95-BFA5CFE0AE2A}.Release|x86.ActiveCfg = Release|Win32
		{60C4D589-EF65-45B4-8C95-BFA5CFE0AE2A}.Release|x86.Build.0 = Release|Win32
		{43E84913-BD5F-4B19-8570-378C3A9D0E23}.Debug|x64.ActiveCfg = Debug|x64
		{43E84913-BD5F-4B19-8570-378C3A9D0E23}.Debug|x64.Build.0 = Debug|x64
		{43E84913-BD5F-4B19-8570-378C3A9D0E23}.Debug|x86.ActiveCfg = Debug|Win32
		{43E84913-BD5F-4B19-8570-378C3A9D0E23}.Debug|x86.Build.0 = Debug|Win32
		{43E84913-BD5F-4B19-8570-378C3A9D0E23}.Release|x64.ActiveCfg = Release|x64
		{43E84913-BD5F-4B19-8570-378C3A9D0E23}.Release|x64.Build.0 = Release|x64
		{43E84913-BD5F-4B19-8570-378C3A9D0E23}.Release|x86.ActiveCfg = Release|Win32
		{43E84913-BD5F-4B19-8570-378C3A9D0E23}.Release|x86.Build.0 = Release|Win32
		{CBD0E57A-438A-4AEC-B680-12B7B41E04A7}.Debug|x64.ActiveCfg = Debug|x64
		{CBD0E57A-438A-4AEC-B680-12B7B41E04A7}.Debug|x64.Build.0 = Debug|x64
		{CBD0E57A-438A-4AEC-B680-12B7B41E04A7}.Debug|x86.ActiveCfg = Debug|Win32
		{CBD0E57A-438A-4AEC-B680-12B7B41E04A7}.Debug|x86.Build.0 = Debug|Win32
		{CBD0E57A-438A-4AEC-B680-12B7B41E04A7}.Release|x64.ActiveCfg = Release|x64
		{CBD0E57A-438A-4AEC-B680-12B7B41E04A7}.Release|x64.Build.0 = Release|x64
		{CBD0E57A-438A-4AEC-B680-12B7B41E04A7}.Release|x86.ActiveCfg = Release|Win32
		{CBD0E57A-438A-4AEC-B680-12B7B41E04A7}.Release|x86.Build.0 = Release|Win32
		{0750E72F-D472-48EB-BD70-BA6A529EFBAA}.Debug|x64.ActiveCfg = Debug|x64
		{0750E72F-D472-48EB-BD70-BA6A529EFBAA}.Debug|x64.Build.0 = Debug|x64
		{0750E72F-D472-48EB-BD70-BA6A529EFBAA}.Debug|x86.ActiveCfg = Debug|Win32
		{0750E72F-D472-48EB-BD70-BA6A529EFBAA}.Debug|x86.Build.0 = Debug|Win32
		{0750E72F-D472-48EB-BD70-BA6A529EFBAA}.Release|x64.ActiveCfg = Release|x64
		{0750E72F-D472-48EB-BD70-BA6A529EFBAA}.Release|x64.Build.0 = Release|x64
		{0750E72F-D472-48EB-BD70-BA6A529EFBAA}.Release|x86.ActiveCfg = Release|Win32
		{0750E72F-D472-48EB-BD70-BA6A529EFBAA}.Release|x86.Build.0 = Release|Win32
		{C08778A4-8F52-4A8A-B68C-C92192790502}.Debug|x64.ActiveCfg = Debug|x64
		{C08778A4-8F52-4A8A-B68C-C92192790502}.Debug|x64.Build.0 = Debug|x64
		{C08778A4-8F52-4A8A-B68C-C92192790502}.Debug|x86.ActiveCfg = Debug|Win32
		{C08778A4-8F52-4A8A-B68C-C92192790502}.Debug|x86.Build.0 = Debug|Win32
		{C08778A4-8F52-4A8A-B68C-C92192790502}.Release|x64.ActiveCfg = Release|x64
		{C08778A4-8F52-4A8A-B68C-C92192790502}.Release|x64.Build.0 = Release|x64
		{C08778A4-8F52-4A8A-B68C-C92192790502}.Release|x86.ActiveCfg = Release|Win32
		{C08778A4-8F52-4A8A-B68C-C92192790502}.Release|x86.Build.0 = Release|Win32
		{05E10AEF-C859-4CEE-84FE-2F6ED4C0046B}.Debug|x64.ActiveCfg = Debug|x64
		{05E10AEF-C859-4CEE-84FE-2F6ED4C0046B}.Debug|x64.Build.0 = Debug|x64
		{05E10AEF-C859-4CEE-84FE-2F6ED4C0046B}.Debug|x86.ActiveCfg = Debug|Win32
		{05E10AEF-C859-4CEE-84FE-2F6ED4C0046B}.Debug|x86.Build.0 = Debug|Win32
		{05E10AEF-C859-4CEE-84FE-2F6ED4C0046B}.Release|x64.ActiveCfg = Release|x64
		{05E10AEF-C859-4CEE-84FE-2F6ED4C0046B}.Release|x64.Build.0 = Release|x64
		{05E10AEF-C859-4CEE-84FE-2F6ED4C0046B}.Release|x86.ActiveCfg = Release|Win32
		{05E10AEF-C859-4CEE-84FE-2F6ED4C0046B}.Release|x86.Build.0 = Release|Win32
		{52D47401-0F55-4A09-BD03-1C31E2598C0D}.Debug|x64.ActiveCfg = Debug|x64
		{52D47401-0F55-4A09-BD03-1C31E2598C0D}.Debug|x64.Build.0 = Debug|x64
		{52D47401-0F55-4A09-BD03-1C31E2598C0D}.Debug|x86.ActiveCfg = Debug|Win32
		{52D47401-0F55-4A09-BD03-1C31E2598C0D}.Debug|x86.Build.0 = Debug|Win32
		{52D47401-0F55-4A09-BD03-1C31E2598C0D}.Release|x64.ActiveCfg = Release|x64
		{52D47401-0F55-4A09-BD03-1C31E2598C0D}.Release|x64.Build.0 = Release|x64
		{52D47401-0F55-4A09-BD03-1C31E2598C0D}.Release|x86.ActiveCfg = Release|Win32
		{52D47401-0F55-4A09-BD03-1C31E2598C0D}.Release|x86.Build.0 = Release|Win32
		{4DF38588-75A3-4159-8AC1-314F8D441B18}.Debug|x64.ActiveCfg = Debug|x64
		{4DF38588-75A3-4159-8AC1-314F8D441B18}.Debug|x64.Build.0 = Debug|x64
		{4DF38588-75A3-4159-8AC1-314F8D441B18}.Debug|x86.ActiveCfg = Debug|Win32
		{4DF38588-75A3-4159-8AC1-314F8D441B18}.Debug|x86.Build.0 = Debug|Win32
		{4DF38588-75A3-4159-8AC1-314F8D441B18}.Release|x64.ActiveCfg = Release|x64
		{4DF38588-75A3-4159-8AC1-314F8D441B18}.Release|x64.Build.0 = Release|x64
		{4DF38588-75A3-4159-8AC1-314F8D441B18}.Release|x86.ActiveCfg = Release|Win32
		{4DF38588-75A3-4159-8AC1-314F8D441B18}.Release|x86.Build.0 = Release|Win32
		{6C061061-B093-4647-947D-3B19D8CE59DF}.Debug|x64.ActiveCfg = Debug|x64
		{6C061061-B093-4647-947D-3B19D8CE59DF}.Debug|x64.Build.0 = Debug|x64
		{6C061061-B093-4647-947D-3B19D8CE59DF}.Debug|x86.ActiveCfg = Debug|Win32
		{6C061061-B093-4647-947D-3B19D8CE59DF}.Debug|x86.Build.0 = Debug|Win32
		{6C061061-B093-4647-947D-3B19D8CE59DF}.Release|x64.ActiveCfg = Release|x64
		{6C061061-B093-4647-947D-3B19D8CE59DF}.Release|x64.Build.0 = Release|x64
		{6C061061-B093-4647-947D-3B19D8CE59DF}.Release|x86.ActiveCfg = Release|Win32
		{6C061061-B093-4647-947D-3B19D8CE59DF}.Release|x86.Build.0 = Release|Win32
		{7B058E6B-A715-436D-9F46-F0C5306C3795}.Debug|x64.ActiveCfg = Debug|x64
		{7B058E6B-A715-436D-9F46-F0C5306C3795}.Debug|x64.Build.0 = Debug|x64
		{7B058E6B-A715-436D-9F46-F0C5306C3795}.Debug|x86.ActiveCfg = Debug|Win32
		{7B058E6B-A715-436D-9F46-F0C5306C3795}.Debug|x86.Build.0 = Debug|Win32
		{7B058E6B-A715-436D-9F46-F0C5306C3795}.Release|x64.ActiveCfg = Release|x64
		{7B058E6B-A715-436D-9F46-F0C5306C3795}.Release|x64.Build.0 = Release|x64
		{7B058E6B-A715-436D-9F46-F0C5306C3795}.Release|x86.ActiveCfg = Release|Win32
		{7B058E6B-A715-436D-9F46-F0C5306C3795}.Release|x86.Build.0 = Release|Win32
		{D55C83ED-992A-4C51-BEE7-E480750E3D2D}.Debug|x64.ActiveCfg = Debug|x64
		{D55C83ED-992A-4C51-BEE7-E480750E3D2D}.Debug|x64.Build.0 = Debug|x64
		{D55C83ED-992A-4C51-BEE7-E480750E3D2D}.Debug|x86.ActiveCfg = Debug|Win32
		{D55C83ED-992A-4C51-BEE7-E480750E3D2D}.Debug|x86.Build.0 = Debug|Win32
		{D55C83ED-992A-4C51-BEE7-E480750E3D2D}.Release|x64.ActiveCfg = Release|x64
		{D55C83ED-992A-4C51-BEE7-E480750E3D2D}.Release|x64.Build.0 = Release|x64
		{D55C83ED-992A-4C51-BEE7-E480750E3D2D}.Release|x86.ActiveCfg = Release|Win32
		{D55C83ED-992A-4C51-BEE7-E480750E3D2D}.Release|x86.Build.0 = Release|Win32
		{91E059C0-8811-4235-9EE3-359728D08944}.Debug|x64.ActiveCfg = Debug|x64
		{91E059C0-8811-4235-9EE3-359728D08944}.Debug|x64.Build.0 = Debug|x64
		{91E059C0-8811-4235-9EE3-359728D08944}.Debug|x86.ActiveCfg = Debug|Win32
		{91E059C0-8811-4235-9EE3-359728D08944}.Debug|x86.Build.0 = Debug|Win32
		{91E059C0-8811-4235-9EE3-359728D08944}.Release|x64.ActiveCfg = Release|x64
		{91E059C0-8811-4235-9EE3-359728D08944}.Release|x64.Build.0 = Release|x64
		{91E059C0-8811-4235-9EE3-359728D08944}.Release|x86.ActiveCfg = Release|Win32
		{91E059C0-8811-4235-9EE3-359728D08944}.Release|x86.Build.0 = Release|Win32
		{058580D6-F3BB-4F23-9C40-293AC53DF52E}.Debug|x64.ActiveCfg = Debug|x64
		{058580D6-F3BB-4F23-9C40-293AC53DF52E}.Debug|x64.Build.0 = Debug|x64
		{058580D6-F3BB-4F23-9C40-293AC53DF52E}.Debug|x86.ActiveCfg = Debug|Win32
		{058580D6-F3BB-4F23-9C40-293AC53DF52E}.Debug|x86.Build.0 = Debug|Win32
		{058580D6-F3BB-4F23-9C40-293AC53DF52E}.Release|x64.ActiveCfg = Release|x64
		{058580D6-F3BB-4F23-9C40-293AC53DF52E}.Release|x64.Build.0 = Release|x64
		{058580D6-F3BB-4F23-9C40-293AC53DF52E}.Release|x86.ActiveCfg = Release|Win32
		{058580D6-F3BB-4F23-9C40-293AC53DF52E}.Release|x86.Build.0 = Release|Win32
		{33F03948-1E95-43EE-8CFB-E67283AB07C1}.Debug|x64.ActiveCfg = Debug|x64
		{33F03948-1E95-43EE-8CFB-E67283AB07C1}.Debug|x64.Build.0 = Debug|x64
		{33F03948-1E95-43EE-8CFB-E67283AB07C1}.Debug|x86.ActiveCfg = Debug|Win32
		{33F03948-1E95-43EE-8CFB-E67283AB07C1}.Debug|x86.Build.0 = Debug|Win32
		{33F03948-1E95-43EE-8CFB-E67283AB07C1}.Release|x64.ActiveCfg = Release|x64
		{33F03948-1E95-43EE-8CFB-E67283AB07C1}.Release|x64.Build.0 = Release|x64
		{33F03948-1E95-43EE-8CFB-E67283AB07C1}.Release|x86.ActiveCfg = Release|Win32
		{33F03948-1E95-43EE-8CFB-E67283AB07C1}.Release|x86.Build.0 = Release|Win32
		{8B8C5516-24B4-4BBD-A8BE-288B1FAEB613}.Debug|x64.ActiveCfg = Debug|x64
		{8B8C5516-24B4-4BBD-A8BE-288B1FAEB613}.Debug|x64.Build.0 = Debug|x64
		{8B8C5516-24B4-4BBD-A8BE-288B1FAEB613}.Debug|x86.ActiveCfg = Debug|Win32
		{8B8C5516-24B4-4BBD-A8BE-288B1FAEB613}.Debug|x86.Build.0 = Debug|Win32
		{8B8C5516-24B4-4BBD-A8BE-288B1FAEB613}.Release|x64.ActiveCfg = Release|x64
		{8B8C5516-24B4-4BBD-A8BE-288B1FAEB613}.Release|x64.Build.0 = Release|x64
		{8B8C5516-24B4-4BBD-A8BE-288B1FAEB613}.Release|x86.ActiveCfg = Release|Win32
		{8B8C5516-24B4-4BBD-A8BE-288B1FAEB613}.Release|x86.Build.0 = Release|Win32
		{5FE80F0C-9CFC-44AA-B840-5CDB2F6B89C2}.Debug|x64.ActiveCfg = Debug|x64
		{5FE80F0C-9CFC-44AA-B840-5CDB2F6B89C2}.Debug|x64.Build.0 = Debug|x64
		{5FE80F0C-9CFC-44AA-B840-5CDB2F6B89C2}.Debug|x86.ActiveCfg = Debug|Win32
		{5FE80F0C-9CFC-44AA-B840-5CDB2F6B89C2}.Debug|x86.Build.0 = Debug|Win32
		{5FE80F0C-9CFC-44AA-B840-5CDB2F6B89C2}.Release|x64.ActiveCfg = Release|x64
		{5FE80F0C-9CFC-44AA-B840-5CDB2F6B89C2}.Release|x64.Build.0 = Release|x64
		{5FE80F0C-9CFC-44AA-B840-5CDB2F6B89C2}.Release|x86.ActiveCfg = Release|Win32
		{5FE80F0C-9CFC-44AA-B840-5CDB2F6B89C2}.Release|x86.Build.0 = Release|Win32
		{2432D0AB-9E70-4990-9FCE-CFCF93C3755D}.Debug|x64.ActiveCfg = Debug|x64
		{2432D0AB-9E70-4990-9FCE-CFCF93C3755D}.Debug|x64.Build.0 = Debug|x64
		{2432D0AB-9E70-4990-9FCE-CFCF93C3755D}.Debug|x86.ActiveCfg = Debug|Win32
		{2432D0AB-9E70-4990-9FCE-CFCF93C3755D}.Debug|x86.Build.0 = Debug|Win32
		{2432D0AB-9E70-4990-9FCE-CFCF93C3755D}.Release|x64.ActiveCfg = Release|x64
		{2432D0AB-9E70-4990-9FCE-CFCF93C3755D}.Release|x64.Build.0 = Release|x64
		{2432D0AB-9E70-4990-9FCE-CFCF93C3755D}.Release|x86.ActiveCfg = Release|Win32
		{2432D0AB-9E70-4990-9FCE-CFCF93C3755D}.Release|x86.Build.0 = Release|Win32
		{12571B82-4626-4926-9658-366525D332FE}.Debug|x64.ActiveCfg = Debug|x64
		{12571B82-4626-4926-9658-366525D332FE}.Debug|x64.Build.0 = Debug|x64
		{12571B82-4626-4926-9658-366525D332FE}.Debug|x86.ActiveCfg = Debug|Win32
		{12571B82-4626-4926-9658-366525D332FE}.Debug|x86.Build.0 = Debug|Win32
		{12571B82-4626-4926-9658-366525D332FE}.Release|x64.ActiveCfg = Release|x64
		{12571B82-4626-4926-9658-366525D332FE}.Release|x64.Build.0 = Release|x64
		{12571B82-4626-4926-9658-366525D332FE}.Release|x86.ActiveCfg = Release|Win32
		{12571B82-4626-4926-9658-366525D332FE}.Release|x86.Build.0 = Release|Win32
		{81A63F31-6EA3-448F-9FC7-40B2B03E3EA6}.Debug|x64.ActiveCfg = Debug|x64
		{81A63F31-6EA3-448F-9FC7-40B2B03E3EA6}.Debug|x64.Build.0 = Debug|x64
		{81A63F31-6EA3-448F-9FC7-40B2B03E3EA6}.Debug|x86.ActiveCfg = Debug|Win32
		{81A63F31-6EA3-448F-9FC7-40B2B03E3EA6}.Debug|x86.Build.0 = Debug|Win32
		{81A63F31-6EA3-448F-9FC7-40B2B03E3EA6}.Release|x64.ActiveCfg = Release|x64
		{81A63F31-6EA3-448F-9FC7-40B2B03E3EA6}.Release|x64.Build.0 = Release|x64
		{81A63F31-6EA3-448F-9FC7-40B2B03E3EA6}.Release|x86.ActiveCfg = Release|Win32
		{81A63F31-6EA3-448F-9FC7-40B2B03E3EA6}.Release|x86.Build.0 = Release|Win32
		{B9F4E233-DB6A-437C-8F9C-F8D0D3594251}.Debug|x64.ActiveCfg = Debug|x64
		{B9F4E233-DB6A-437C-8F9C-F8D0D3594251}.Debug|x64.Build.0 = Debug|x64
		{B9F4E233-DB6A-437C-8F9C-F8D0D3594251}.Debug|x86.ActiveCfg = Debug|Win32
		{B9F4E233-DB6A-437C-8F9C-F8D0D3594251}.Debug|x86.Build.0 = Debug|Win32
		{B9F4E233-DB6A-437C-8F9C-F8D0D3594251}.Release|x64.ActiveCfg = Release|x64
		{B9F4E233-DB6A-437C-8F9C-F8D0D3594251}.Release|x64.Build.0 = Release|x64
		{B9F4E233-DB6A-437C-8F9C-F8D0D3594251}.Release|x86.ActiveCfg = Release|Win32
		{B9F4E233-DB6A-437C-8F9C-F8D0D3594251}.Release|x86.Build.0 = Release|Win32
	EndGlobalSection
	GlobalSection(SolutionProperties) = preSolution
		HideSolutionNode = FALSE
	EndGlobalSection
	GlobalSection(ExtensibilityGlobals) = postSolution
		SolutionGuid = {6B16441B-D691-4528-9E59-A9E1F726C025}
	EndGlobalSection
EndGlobal
